
Microsoft Visual Studio Solution File, Format Version 12.00
# Visual Studio Version 16
VisualStudioVersion = 16.0.31729.503
MinimumVisualStudioVersion = 10.0.40219.1
Project("{FAE04EC0-301F-11D3-BF4B-00C04F79EFBC}") = "subtitles", "subtitles\subtitles.csproj", "{82347127-A7FE-49CC-AEAE-59DE7407E1D4}"
EndProject
Global
	GlobalSection(SolutionConfigurationPlatforms) = preSolution
		Debug|Any CPU = Debug|Any CPU
		Release|Any CPU = Release|Any CPU
	EndGlobalSection
	GlobalSection(ProjectConfigurationPlatforms) = postSolution
		{82347127-A7FE-49CC-AEAE-59DE7407E1D4}.Debug|Any CPU.ActiveCfg = Debug|Any CPU
		{82347127-A7FE-49CC-AEAE-59DE7407E1D4}.Debug|Any CPU.Build.0 = Debug|Any CPU
		{82347127-A7FE-49CC-AEAE-59DE7407E1D4}.Release|Any CPU.ActiveCfg = Release|Any CPU
		{82347127-A7FE-49CC-AEAE-59DE7407E1D4}.Release|Any CPU.Build.0 = Release|Any CPU
	EndGlobalSection
	GlobalSection(SolutionProperties) = preSolution
		HideSolutionNode = FALSE
	EndGlobalSection
	GlobalSection(ExtensibilityGlobals) = postSolution
		SolutionGuid = {2E6BDE77-C8F1-46FF-BCBC-09B6CCAAC38F}
	EndGlobalSection
EndGlobal
